
Microsoft Visual Studio Solution File, Format Version 12.00
# Visual Studio Version 17
VisualStudioVersion = 17.8.34601.278
MinimumVisualStudioVersion = 10.0.40219.1
Project("{FAE04EC0-301F-11D3-BF4B-00C04F79EFBC}") = "ListaDeProjetos", "ListaDeProjetos\ListaDeProjetos.csproj", "{607C2EEF-6300-40F9-8D8C-1BBCC0AC3570}"
EndProject
Global
	GlobalSection(SolutionConfigurationPlatforms) = preSolution
		Debug|Any CPU = Debug|Any CPU
		Release|Any CPU = Release|Any CPU
	EndGlobalSection
	GlobalSection(ProjectConfigurationPlatforms) = postSolution
		{607C2EEF-6300-40F9-8D8C-1BBCC0AC3570}.Debug|Any CPU.ActiveCfg = Debug|Any CPU
		{607C2EEF-6300-40F9-8D8C-1BBCC0AC3570}.Debug|Any CPU.Build.0 = Debug|Any CPU
		{607C2EEF-6300-40F9-8D8C-1BBCC0AC3570}.Release|Any CPU.ActiveCfg = Release|Any CPU
		{607C2EEF-6300-40F9-8D8C-1BBCC0AC3570}.Release|Any CPU.Build.0 = Release|Any CPU
	EndGlobalSection
	GlobalSection(SolutionProperties) = preSolution
		HideSolutionNode = FALSE
	EndGlobalSection
	GlobalSection(ExtensibilityGlobals) = postSolution
		SolutionGuid = {1FC31BCB-D725-4FCD-BD54-53BDA8929B24}
	EndGlobalSection
EndGlobal
